
Microsoft Visual Studio Solution File, Format Version 12.00
# Visual Studio Version 17
VisualStudioVersion = 17.9.34723.18
MinimumVisualStudioVersion = 10.0.40219.1
Project("{2150E333-8FDC-42A3-9474-1A3956D46DE8}") = "PresentationLayer", "PresentationLayer", "{A78B2FDD-FB94-4AD2-BD1B-5DA3DA3B5FB7}"
EndProject
Project("{2150E333-8FDC-42A3-9474-1A3956D46DE8}") = "BusinessLayer", "BusinessLayer", "{CE157604-5E0C-4EDB-B5BD-9AA138A6269C}"
EndProject
Project("{2150E333-8FDC-42A3-9474-1A3956D46DE8}") = "DataAccessLayer", "DataAccessLayer", "{41D817D3-6A81-4A3F-B336-26D311372BF1}"
EndProject
Project("{9A19103F-16F7-4668-BE54-9A1E7A4F7556}") = "Persistence", "Persistence\Persistence.csproj", "{A778ED4A-FC58-43E5-8D94-E6516116FB12}"
EndProject
Project("{9A19103F-16F7-4668-BE54-9A1E7A4F7556}") = "Application", "Service\Application.csproj", "{870B7DA3-2260-490A-9795-19B555F368A1}"
EndProject
Project("{9A19103F-16F7-4668-BE54-9A1E7A4F7556}") = "Presentation", "Presentation\Presentation.csproj", "{A8C95351-6D61-471E-8486-405957178E7D}"
EndProject
Global
	GlobalSection(SolutionConfigurationPlatforms) = preSolution
		Debug|Any CPU = Debug|Any CPU
		Release|Any CPU = Release|Any CPU
	EndGlobalSection
	GlobalSection(ProjectConfigurationPlatforms) = postSolution
		{A778ED4A-FC58-43E5-8D94-E6516116FB12}.Debug|Any CPU.ActiveCfg = Debug|Any CPU
		{A778ED4A-FC58-43E5-8D94-E6516116FB12}.Debug|Any CPU.Build.0 = Debug|Any CPU
		{A778ED4A-FC58-43E5-8D94-E6516116FB12}.Release|Any CPU.ActiveCfg = Release|Any CPU
		{A778ED4A-FC58-43E5-8D94-E6516116FB12}.Release|Any CPU.Build.0 = Release|Any CPU
		{870B7DA3-2260-490A-9795-19B555F368A1}.Debug|Any CPU.ActiveCfg = Debug|Any CPU
		{870B7DA3-2260-490A-9795-19B555F368A1}.Debug|Any CPU.Build.0 = Debug|Any CPU
		{870B7DA3-2260-490A-9795-19B555F368A1}.Release|Any CPU.ActiveCfg = Release|Any CPU
		{870B7DA3-2260-490A-9795-19B555F368A1}.Release|Any CPU.Build.0 = Release|Any CPU
		{A8C95351-6D61-471E-8486-405957178E7D}.Debug|Any CPU.ActiveCfg = Debug|Any CPU
		{A8C95351-6D61-471E-8486-405957178E7D}.Debug|Any CPU.Build.0 = Debug|Any CPU
		{A8C95351-6D61-471E-8486-405957178E7D}.Release|Any CPU.ActiveCfg = Release|Any CPU
		{A8C95351-6D61-471E-8486-405957178E7D}.Release|Any CPU.Build.0 = Release|Any CPU
	EndGlobalSection
	GlobalSection(SolutionProperties) = preSolution
		HideSolutionNode = FALSE
	EndGlobalSection
	GlobalSection(NestedProjects) = preSolution
		{A778ED4A-FC58-43E5-8D94-E6516116FB12} = {41D817D3-6A81-4A3F-B336-26D311372BF1}
		{870B7DA3-2260-490A-9795-19B555F368A1} = {CE157604-5E0C-4EDB-B5BD-9AA138A6269C}
		{A8C95351-6D61-471E-8486-405957178E7D} = {A78B2FDD-FB94-4AD2-BD1B-5DA3DA3B5FB7}
	EndGlobalSection
	GlobalSection(ExtensibilityGlobals) = postSolution
		SolutionGuid = {2837FFA0-6503-4A12-AE52-24F9A335A4C6}
	EndGlobalSection
EndGlobal
